
Microsoft Visual Studio Solution File, Format Version 12.00
# Visual Studio Version 17
VisualStudioVersion = 17.10.34928.147
MinimumVisualStudioVersion = 10.0.40219.1
Project("{FAE04EC0-301F-11D3-BF4B-00C04F79EFBC}") = "PROYECTO_CLINICA", "PROYECTO_CLINICA\PROYECTO_CLINICA.csproj", "{6FC9304E-DD8B-408E-9A11-0A813E38DB0B}"
EndProject
Global
	GlobalSection(SolutionConfigurationPlatforms) = preSolution
		Debug|Any CPU = Debug|Any CPU
		Release|Any CPU = Release|Any CPU
	EndGlobalSection
	GlobalSection(ProjectConfigurationPlatforms) = postSolution
		{6FC9304E-DD8B-408E-9A11-0A813E38DB0B}.Debug|Any CPU.ActiveCfg = Debug|Any CPU
		{6FC9304E-DD8B-408E-9A11-0A813E38DB0B}.Debug|Any CPU.Build.0 = Debug|Any CPU
		{6FC9304E-DD8B-408E-9A11-0A813E38DB0B}.Release|Any CPU.ActiveCfg = Release|Any CPU
		{6FC9304E-DD8B-408E-9A11-0A813E38DB0B}.Release|Any CPU.Build.0 = Release|Any CPU
	EndGlobalSection
	GlobalSection(SolutionProperties) = preSolution
		HideSolutionNode = FALSE
	EndGlobalSection
	GlobalSection(ExtensibilityGlobals) = postSolution
		SolutionGuid = {300995A8-085E-4D22-B492-7263EF35E8BC}
	EndGlobalSection
EndGlobal
